{
  "name": "alchemilla",
  "version": "1.0.0",
  "lockfileVersion": 3,
  "requires": true,
  "packages": {
    "": {
      "name": "alchemilla",
      "version": "1.0.0",
      "license": "ISC",
      "dependencies": {
        "vue-sidebar-menu": "^5.2.5"
      }
    },
    "node_modules/vue-sidebar-menu": {
      "version": "5.2.5",
      "resolved": "https://registry.npmmirror.com/vue-sidebar-menu/-/vue-sidebar-menu-5.2.5.tgz",
      "integrity": "sha512-rEn1YsDYqYUGD8wGrNLbWlYimP8McpzpG7Pft7G/8eYtJUYkPtzRcPEUbWOyRm1WtyC3cmtdcRea8wjJNLfHrg=="
    }
  }
}
